Microsoft Visual Studio Solution File, Format Version 11.00
# Visual Studio 2008

Project("{0DA53C9E-7597-03CC-1642-DE7BD39F7857}") = "Dungeon VS", "Assembly-CSharp-firstpass.csproj", "{8EF17000-57D8-89E5-13B8-36B059396619}"
EndProject
Project("{0DA53C9E-7597-03CC-1642-DE7BD39F7857}") = "Dungeon VS", "Assembly-CSharp.csproj", "{D2B6F01F-547B-37B6-CBB2-51FF10786C67}"
EndProject
Project("{0DA53C9E-7597-03CC-1642-DE7BD39F7857}") = "Dungeon VS", "Assembly-CSharp-Editor.csproj", "{3B1FAFB3-02D5-63DF-D8C4-6ABCA2A3C5AD}"
EndProject
Global
	GlobalSection(SolutionConfigurationPlatforms) = preSolution
		Debug|Any CPU = Debug|Any CPU
		Release|Any CPU = Release|Any CPU
	EndGlobalSection
	GlobalSection(ProjectConfigurationPlatforms) = postSolution
		{8EF17000-57D8-89E5-13B8-36B059396619}.Debug|Any CPU.ActiveCfg = Debug|Any CPU
		{8EF17000-57D8-89E5-13B8-36B059396619}.Debug|Any CPU.Build.0 = Debug|Any CPU
		{8EF17000-57D8-89E5-13B8-36B059396619}.Release|Any CPU.ActiveCfg = Release|Any CPU
		{8EF17000-57D8-89E5-13B8-36B059396619}.Release|Any CPU.Build.0 = Release|Any CPU
		{D2B6F01F-547B-37B6-CBB2-51FF10786C67}.Debug|Any CPU.ActiveCfg = Debug|Any CPU
		{D2B6F01F-547B-37B6-CBB2-51FF10786C67}.Debug|Any CPU.Build.0 = Debug|Any CPU
		{D2B6F01F-547B-37B6-CBB2-51FF10786C67}.Release|Any CPU.ActiveCfg = Release|Any CPU
		{D2B6F01F-547B-37B6-CBB2-51FF10786C67}.Release|Any CPU.Build.0 = Release|Any CPU
		{3B1FAFB3-02D5-63DF-D8C4-6ABCA2A3C5AD}.Debug|Any CPU.ActiveCfg = Debug|Any CPU
		{3B1FAFB3-02D5-63DF-D8C4-6ABCA2A3C5AD}.Debug|Any CPU.Build.0 = Debug|Any CPU
		{3B1FAFB3-02D5-63DF-D8C4-6ABCA2A3C5AD}.Release|Any CPU.ActiveCfg = Release|Any CPU
		{3B1FAFB3-02D5-63DF-D8C4-6ABCA2A3C5AD}.Release|Any CPU.Build.0 = Release|Any CPU
	EndGlobalSection
	GlobalSection(SolutionProperties) = preSolution
		HideSolutionNode = FALSE
	EndGlobalSection
	GlobalSection(MonoDevelopProperties) = preSolution
		StartupItem = Assembly-CSharp.csproj
	EndGlobalSection
EndGlobal
